
Microsoft Visual Studio Solution File, Format Version 12.00
# Visual Studio Version 17
VisualStudioVersion = 17.9.34622.214
MinimumVisualStudioVersion = 10.0.40219.1
Project("{FAE04EC0-301F-11D3-BF4B-00C04F79EFBC}") = "task4.1.4", "task4.1.4\task4.1.4.csproj", "{1C9F0B89-3C8B-4F1F-BD37-08BEB2DE103D}"
EndProject
Project("{FAE04EC0-301F-11D3-BF4B-00C04F79EFBC}") = "task4.1.5", "task4.1.5\task4.1.5.csproj", "{9ED814C8-E4ED-4AC9-8A0D-61875B0678F6}"
EndProject
Project("{FAE04EC0-301F-11D3-BF4B-00C04F79EFBC}") = "task4.1.12", "task4.1.12\task4.1.12.csproj", "{BC1FA897-15C9-4EAA-833E-5EB0C4CED62E}"
EndProject
Project("{FAE04EC0-301F-11D3-BF4B-00C04F79EFBC}") = "task4.1.17", "task4.1.17\task4.1.17.csproj", "{F486DFD5-44AC-4FAB-AF02-CDD8E29FAB54}"
EndProject
Project("{FAE04EC0-301F-11D3-BF4B-00C04F79EFBC}") = "task4.1.18", "task4.1.18\task4.1.18.csproj", "{851F971D-60A3-495B-9286-BE2F7E1AB696}"
EndProject
Project("{FAE04EC0-301F-11D3-BF4B-00C04F79EFBC}") = "task4.2.11", "task4.2.11\task4.2.11.csproj", "{3D61DD73-3E91-4349-ADC6-841273A16217}"
EndProject
Project("{FAE04EC0-301F-11D3-BF4B-00C04F79EFBC}") = "task4.3.7", "task4.3.7\task4.3.7.csproj", "{C61ED67A-EEB3-48D1-89AE-CA5E851B06AB}"
EndProject
Project("{FAE04EC0-301F-11D3-BF4B-00C04F79EFBC}") = "task4.3.11", "task4.3.11\task4.3.11.csproj", "{66E231FD-A02A-477E-8080-689D93288BC2}"
EndProject
Project("{FAE04EC0-301F-11D3-BF4B-00C04F79EFBC}") = "task4.3.12", "task4.3.12\task4.3.12.csproj", "{63829ADE-E2C2-4A09-B24F-D58ED7D3BD7A}"
EndProject
Project("{FAE04EC0-301F-11D3-BF4B-00C04F79EFBC}") = "task4.3.13", "task4.3.13\task4.3.13.csproj", "{DB8C2456-C569-4A68-AD6E-32D1C3728B77}"
EndProject
Project("{FAE04EC0-301F-11D3-BF4B-00C04F79EFBC}") = "task4.3.14", "task4.3.14\task4.3.14.csproj", "{A2A6833F-632E-4856-BCD3-18D4869F8E42}"
EndProject
Project("{FAE04EC0-301F-11D3-BF4B-00C04F79EFBC}") = "task4.3.15", "task4.3.15\task4.3.15.csproj", "{DA2DE259-37DD-4A88-9781-2C70749C8B99}"
EndProject
Project("{FAE04EC0-301F-11D3-BF4B-00C04F79EFBC}") = "task4.3.16", "task4.3.16\task4.3.16.csproj", "{9202DA2F-B025-4333-B354-E8A8E3F81869}"
EndProject
Project("{FAE04EC0-301F-11D3-BF4B-00C04F79EFBC}") = "task4.3.17", "4.3.17\task4.3.17.csproj", "{3DADDC24-C41C-4F44-9D35-8374BEC5D8BC}"
EndProject
Project("{FAE04EC0-301F-11D3-BF4B-00C04F79EFBC}") = "task4.4.2", "task4.4.2\task4.4.2.csproj", "{0CAF95C3-9E48-4040-9010-F18656074646}"
EndProject
Project("{FAE04EC0-301F-11D3-BF4B-00C04F79EFBC}") = "task4.4.3", "task4.4.3\task4.4.3.csproj", "{304A38B0-F832-4142-ADB9-D9F84EB2EA11}"
EndProject
Project("{FAE04EC0-301F-11D3-BF4B-00C04F79EFBC}") = "task4.4.5", "task4.4.5\task4.4.5.csproj", "{FC4ED9F6-2FB9-4E3C-A001-A4AF5572DC5D}"
EndProject
Project("{FAE04EC0-301F-11D3-BF4B-00C04F79EFBC}") = "practicum", "practicum\practicum.csproj", "{8E11ABDD-5758-4D0A-A03E-56D73CFEE00B}"
EndProject
Global
	GlobalSection(SolutionConfigurationPlatforms) = preSolution
		Debug|Any CPU = Debug|Any CPU
		Release|Any CPU = Release|Any CPU
	EndGlobalSection
	GlobalSection(ProjectConfigurationPlatforms) = postSolution
		{1C9F0B89-3C8B-4F1F-BD37-08BEB2DE103D}.Debug|Any CPU.ActiveCfg = Debug|Any CPU
		{1C9F0B89-3C8B-4F1F-BD37-08BEB2DE103D}.Debug|Any CPU.Build.0 = Debug|Any CPU
		{1C9F0B89-3C8B-4F1F-BD37-08BEB2DE103D}.Release|Any CPU.ActiveCfg = Release|Any CPU
		{1C9F0B89-3C8B-4F1F-BD37-08BEB2DE103D}.Release|Any CPU.Build.0 = Release|Any CPU
		{9ED814C8-E4ED-4AC9-8A0D-61875B0678F6}.Debug|Any CPU.ActiveCfg = Debug|Any CPU
		{9ED814C8-E4ED-4AC9-8A0D-61875B0678F6}.Debug|Any CPU.Build.0 = Debug|Any CPU
		{9ED814C8-E4ED-4AC9-8A0D-61875B0678F6}.Release|Any CPU.ActiveCfg = Release|Any CPU
		{9ED814C8-E4ED-4AC9-8A0D-61875B0678F6}.Release|Any CPU.Build.0 = Release|Any CPU
		{BC1FA897-15C9-4EAA-833E-5EB0C4CED62E}.Debug|Any CPU.ActiveCfg = Debug|Any CPU
		{BC1FA897-15C9-4EAA-833E-5EB0C4CED62E}.Debug|Any CPU.Build.0 = Debug|Any CPU
		{BC1FA897-15C9-4EAA-833E-5EB0C4CED62E}.Release|Any CPU.ActiveCfg = Release|Any CPU
		{BC1FA897-15C9-4EAA-833E-5EB0C4CED62E}.Release|Any CPU.Build.0 = Release|Any CPU
		{F486DFD5-44AC-4FAB-AF02-CDD8E29FAB54}.Debug|Any CPU.ActiveCfg = Debug|Any CPU
		{F486DFD5-44AC-4FAB-AF02-CDD8E29FAB54}.Debug|Any CPU.Build.0 = Debug|Any CPU
		{F486DFD5-44AC-4FAB-AF02-CDD8E29FAB54}.Release|Any CPU.ActiveCfg = Release|Any CPU
		{F486DFD5-44AC-4FAB-AF02-CDD8E29FAB54}.Release|Any CPU.Build.0 = Release|Any CPU
		{851F971D-60A3-495B-9286-BE2F7E1AB696}.Debug|Any CPU.ActiveCfg = Debug|Any CPU
		{851F971D-60A3-495B-9286-BE2F7E1AB696}.Debug|Any CPU.Build.0 = Debug|Any CPU
		{851F971D-60A3-495B-9286-BE2F7E1AB696}.Release|Any CPU.ActiveCfg = Release|Any CPU
		{851F971D-60A3-495B-9286-BE2F7E1AB696}.Release|Any CPU.Build.0 = Release|Any CPU
		{3D61DD73-3E91-4349-ADC6-841273A16217}.Debug|Any CPU.ActiveCfg = Debug|Any CPU
		{3D61DD73-3E91-4349-ADC6-841273A16217}.Debug|Any CPU.Build.0 = Debug|Any CPU
		{3D61DD73-3E91-4349-ADC6-841273A16217}.Release|Any CPU.ActiveCfg = Release|Any CPU
		{3D61DD73-3E91-4349-ADC6-841273A16217}.Release|Any CPU.Build.0 = Release|Any CPU
		{C61ED67A-EEB3-48D1-89AE-CA5E851B06AB}.Debug|Any CPU.ActiveCfg = Debug|Any CPU
		{C61ED67A-EEB3-48D1-89AE-CA5E851B06AB}.Debug|Any CPU.Build.0 = Debug|Any CPU
		{C61ED67A-EEB3-48D1-89AE-CA5E851B06AB}.Release|Any CPU.ActiveCfg = Release|Any CPU
		{C61ED67A-EEB3-48D1-89AE-CA5E851B06AB}.Release|Any CPU.Build.0 = Release|Any CPU
		{66E231FD-A02A-477E-8080-689D93288BC2}.Debug|Any CPU.ActiveCfg = Debug|Any CPU
		{66E231FD-A02A-477E-8080-689D93288BC2}.Debug|Any CPU.Build.0 = Debug|Any CPU
		{66E231FD-A02A-477E-8080-689D93288BC2}.Release|Any CPU.ActiveCfg = Release|Any CPU
		{66E231FD-A02A-477E-8080-689D93288BC2}.Release|Any CPU.Build.0 = Release|Any CPU
		{63829ADE-E2C2-4A09-B24F-D58ED7D3BD7A}.Debug|Any CPU.ActiveCfg = Debug|Any CPU
		{63829ADE-E2C2-4A09-B24F-D58ED7D3BD7A}.Debug|Any CPU.Build.0 = Debug|Any CPU
		{63829ADE-E2C2-4A09-B24F-D58ED7D3BD7A}.Release|Any CPU.ActiveCfg = Release|Any CPU
		{63829ADE-E2C2-4A09-B24F-D58ED7D3BD7A}.Release|Any CPU.Build.0 = Release|Any CPU
		{DB8C2456-C569-4A68-AD6E-32D1C3728B77}.Debug|Any CPU.ActiveCfg = Debug|Any CPU
		{DB8C2456-C569-4A68-AD6E-32D1C3728B77}.Debug|Any CPU.Build.0 = Debug|Any CPU
		{DB8C2456-C569-4A68-AD6E-32D1C3728B77}.Release|Any CPU.ActiveCfg = Release|Any CPU
		{DB8C2456-C569-4A68-AD6E-32D1C3728B77}.Release|Any CPU.Build.0 = Release|Any CPU
		{A2A6833F-632E-4856-BCD3-18D4869F8E42}.Debug|Any CPU.ActiveCfg = Debug|Any CPU
		{A2A6833F-632E-4856-BCD3-18D4869F8E42}.Debug|Any CPU.Build.0 = Debug|Any CPU
		{A2A6833F-632E-4856-BCD3-18D4869F8E42}.Release|Any CPU.ActiveCfg = Release|Any CPU
		{A2A6833F-632E-4856-BCD3-18D4869F8E42}.Release|Any CPU.Build.0 = Release|Any CPU
		{DA2DE259-37DD-4A88-9781-2C70749C8B99}.Debug|Any CPU.ActiveCfg = Debug|Any CPU
		{DA2DE259-37DD-4A88-9781-2C70749C8B99}.Debug|Any CPU.Build.0 = Debug|Any CPU
		{DA2DE259-37DD-4A88-9781-2C70749C8B99}.Release|Any CPU.ActiveCfg = Release|Any CPU
		{DA2DE259-37DD-4A88-9781-2C70749C8B99}.Release|Any CPU.Build.0 = Release|Any CPU
		{9202DA2F-B025-4333-B354-E8A8E3F81869}.Debug|Any CPU.ActiveCfg = Debug|Any CPU
		{9202DA2F-B025-4333-B354-E8A8E3F81869}.Debug|Any CPU.Build.0 = Debug|Any CPU
		{9202DA2F-B025-4333-B354-E8A8E3F81869}.Release|Any CPU.ActiveCfg = Release|Any CPU
		{9202DA2F-B025-4333-B354-E8A8E3F81869}.Release|Any CPU.Build.0 = Release|Any CPU
		{3DADDC24-C41C-4F44-9D35-8374BEC5D8BC}.Debug|Any CPU.ActiveCfg = Debug|Any CPU
		{3DADDC24-C41C-4F44-9D35-8374BEC5D8BC}.Debug|Any CPU.Build.0 = Debug|Any CPU
		{3DADDC24-C41C-4F44-9D35-8374BEC5D8BC}.Release|Any CPU.ActiveCfg = Release|Any CPU
		{3DADDC24-C41C-4F44-9D35-8374BEC5D8BC}.Release|Any CPU.Build.0 = Release|Any CPU
		{0CAF95C3-9E48-4040-9010-F18656074646}.Debug|Any CPU.ActiveCfg = Debug|Any CPU
		{0CAF95C3-9E48-4040-9010-F18656074646}.Debug|Any CPU.Build.0 = Debug|Any CPU
		{0CAF95C3-9E48-4040-9010-F18656074646}.Release|Any CPU.ActiveCfg = Release|Any CPU
		{0CAF95C3-9E48-4040-9010-F18656074646}.Release|Any CPU.Build.0 = Release|Any CPU
		{304A38B0-F832-4142-ADB9-D9F84EB2EA11}.Debug|Any CPU.ActiveCfg = Debug|Any CPU
		{304A38B0-F832-4142-ADB9-D9F84EB2EA11}.Debug|Any CPU.Build.0 = Debug|Any CPU
		{304A38B0-F832-4142-ADB9-D9F84EB2EA11}.Release|Any CPU.ActiveCfg = Release|Any CPU
		{304A38B0-F832-4142-ADB9-D9F84EB2EA11}.Release|Any CPU.Build.0 = Release|Any CPU
		{FC4ED9F6-2FB9-4E3C-A001-A4AF5572DC5D}.Debug|Any CPU.ActiveCfg = Debug|Any CPU
		{FC4ED9F6-2FB9-4E3C-A001-A4AF5572DC5D}.Debug|Any CPU.Build.0 = Debug|Any CPU
		{FC4ED9F6-2FB9-4E3C-A001-A4AF5572DC5D}.Release|Any CPU.ActiveCfg = Release|Any CPU
		{FC4ED9F6-2FB9-4E3C-A001-A4AF5572DC5D}.Release|Any CPU.Build.0 = Release|Any CPU
		{8E11ABDD-5758-4D0A-A03E-56D73CFEE00B}.Debug|Any CPU.ActiveCfg = Debug|Any CPU
		{8E11ABDD-5758-4D0A-A03E-56D73CFEE00B}.Debug|Any CPU.Build.0 = Debug|Any CPU
		{8E11ABDD-5758-4D0A-A03E-56D73CFEE00B}.Release|Any CPU.ActiveCfg = Release|Any CPU
		{8E11ABDD-5758-4D0A-A03E-56D73CFEE00B}.Release|Any CPU.Build.0 = Release|Any CPU
	EndGlobalSection
	GlobalSection(SolutionProperties) = preSolution
		HideSolutionNode = FALSE
	EndGlobalSection
	GlobalSection(ExtensibilityGlobals) = postSolution
		SolutionGuid = {FC926B9D-01D3-4E2E-AFC8-A8111365BC97}
	EndGlobalSection
EndGlobal
